
Microsoft Visual Studio Solution File, Format Version 12.00
# Visual Studio Version 17
VisualStudioVersion = 17.0.31903.59
MinimumVisualStudioVersion = 10.0.40219.1
Project("{2150E333-8FDC-42A3-9474-1A3956D46DE8}") = "src", "src", "{827E0CD3-B72D-47B6-A68D-7590B98EB39B}"
EndProject
Project("{FAE04EC0-301F-11D3-BF4B-00C04F79EFBC}") = "Primp", "src\Primp\Primp.csproj", "{F86D2A20-C76D-4C4D-8522-C20F863F0E3D}"
EndProject
Project("{FAE04EC0-301F-11D3-BF4B-00C04F79EFBC}") = "Primp.Extensions", "src\Primp.Extensions\Primp.Extensions.csproj", "{70B6E2C8-1452-42DE-A6CC-22FF3C2C057D}"
EndProject
Project("{2150E333-8FDC-42A3-9474-1A3956D46DE8}") = "tests", "tests", "{0AB3BF05-4346-4AA6-1389-037BE0695223}"
EndProject
Project("{FAE04EC0-301F-11D3-BF4B-00C04F79EFBC}") = "Primp.Tests.Unit", "tests\Primp.Tests.Unit\Primp.Tests.Unit.csproj", "{A1BC2A97-95F3-4FF9-B242-721E43162E82}"
EndProject
Project("{FAE04EC0-301F-11D3-BF4B-00C04F79EFBC}") = "Primp.Tests.Integration", "tests\Primp.Tests.Integration\Primp.Tests.Integration.csproj", "{C6A3CB91-9ECC-4D8F-9756-028A81898E39}"
EndProject
Project("{2150E333-8FDC-42A3-9474-1A3956D46DE8}") = "benchmarks", "benchmarks", "{66320409-64EC-F7C5-3DEF-65E7510DAAD1}"
EndProject
Project("{FAE04EC0-301F-11D3-BF4B-00C04F79EFBC}") = "Primp.Benchmarks", "benchmarks\Primp.Benchmarks\Primp.Benchmarks.csproj", "{2BACE8A7-F335-413A-95CF-BED207194E9F}"
EndProject
Project("{2150E333-8FDC-42A3-9474-1A3956D46DE8}") = "examples", "examples", "{B36A84DF-456D-A817-6EDD-3EC3E7F6E11F}"
EndProject
Project("{FAE04EC0-301F-11D3-BF4B-00C04F79EFBC}") = "Primp.Example", "examples\Primp.Example\Primp.Example.csproj", "{820DAF2A-BF28-44CE-9725-04F23A50AD41}"
EndProject
Project("{FAE04EC0-301F-11D3-BF4B-00C04F79EFBC}") = "Primp.DotnetCli", "examples\dotnet-cli\Primp.DotnetCli.csproj", "{F4AF54BA-4AD1-4107-BAC1-5F8AE5E35F53}"
EndProject
Project("{FAE04EC0-301F-11D3-BF4B-00C04F79EFBC}") = "Primp.Tests.Cli.Integration", "tests\Primp.Tests.Cli.Integration\Primp.Tests.Cli.Integration.csproj", "{65F5A9CD-0DAA-4A8A-AFA8-E20D2BFF8943}"
EndProject
Global
	GlobalSection(SolutionConfigurationPlatforms) = preSolution
		Debug|Any CPU = Debug|Any CPU
		Debug|x64 = Debug|x64
		Debug|x86 = Debug|x86
		Release|Any CPU = Release|Any CPU
		Release|x64 = Release|x64
		Release|x86 = Release|x86
	EndGlobalSection
	GlobalSection(ProjectConfigurationPlatforms) = postSolution
		{F86D2A20-C76D-4C4D-8522-C20F863F0E3D}.Debug|Any CPU.ActiveCfg = Debug|Any CPU
		{F86D2A20-C76D-4C4D-8522-C20F863F0E3D}.Debug|Any CPU.Build.0 = Debug|Any CPU
		{F86D2A20-C76D-4C4D-8522-C20F863F0E3D}.Debug|x64.ActiveCfg = Debug|Any CPU
		{F86D2A20-C76D-4C4D-8522-C20F863F0E3D}.Debug|x64.Build.0 = Debug|Any CPU
		{F86D2A20-C76D-4C4D-8522-C20F863F0E3D}.Debug|x86.ActiveCfg = Debug|Any CPU
		{F86D2A20-C76D-4C4D-8522-C20F863F0E3D}.Debug|x86.Build.0 = Debug|Any CPU
		{F86D2A20-C76D-4C4D-8522-C20F863F0E3D}.Release|Any CPU.ActiveCfg = Release|Any CPU
		{F86D2A20-C76D-4C4D-8522-C20F863F0E3D}.Release|Any CPU.Build.0 = Release|Any CPU
		{F86D2A20-C76D-4C4D-8522-C20F863F0E3D}.Release|x64.ActiveCfg = Release|Any CPU
		{F86D2A20-C76D-4C4D-8522-C20F863F0E3D}.Release|x64.Build.0 = Release|Any CPU
		{F86D2A20-C76D-4C4D-8522-C20F863F0E3D}.Release|x86.ActiveCfg = Release|Any CPU
		{F86D2A20-C76D-4C4D-8522-C20F863F0E3D}.Release|x86.Build.0 = Release|Any CPU
		{70B6E2C8-1452-42DE-A6CC-22FF3C2C057D}.Debug|Any CPU.ActiveCfg = Debug|Any CPU
		{70B6E2C8-1452-42DE-A6CC-22FF3C2C057D}.Debug|Any CPU.Build.0 = Debug|Any CPU
		{70B6E2C8-1452-42DE-A6CC-22FF3C2C057D}.Debug|x64.ActiveCfg = Debug|Any CPU
		{70B6E2C8-1452-42DE-A6CC-22FF3C2C057D}.Debug|x64.Build.0 = Debug|Any CPU
		{70B6E2C8-1452-42DE-A6CC-22FF3C2C057D}.Debug|x86.ActiveCfg = Debug|Any CPU
		{70B6E2C8-1452-42DE-A6CC-22FF3C2C057D}.Debug|x86.Build.0 = Debug|Any CPU
		{70B6E2C8-1452-42DE-A6CC-22FF3C2C057D}.Release|Any CPU.ActiveCfg = Release|Any CPU
		{70B6E2C8-1452-42DE-A6CC-22FF3C2C057D}.Release|Any CPU.Build.0 = Release|Any CPU
		{70B6E2C8-1452-42DE-A6CC-22FF3C2C057D}.Release|x64.ActiveCfg = Release|Any CPU
		{70B6E2C8-1452-42DE-A6CC-22FF3C2C057D}.Release|x64.Build.0 = Release|Any CPU
		{70B6E2C8-1452-42DE-A6CC-22FF3C2C057D}.Release|x86.ActiveCfg = Release|Any CPU
		{70B6E2C8-1452-42DE-A6CC-22FF3C2C057D}.Release|x86.Build.0 = Release|Any CPU
		{A1BC2A97-95F3-4FF9-B242-721E43162E82}.Debug|Any CPU.ActiveCfg = Debug|Any CPU
		{A1BC2A97-95F3-4FF9-B242-721E43162E82}.Debug|Any CPU.Build.0 = Debug|Any CPU
		{A1BC2A97-95F3-4FF9-B242-721E43162E82}.Debug|x64.ActiveCfg = Debug|Any CPU
		{A1BC2A97-95F3-4FF9-B242-721E43162E82}.Debug|x64.Build.0 = Debug|Any CPU
		{A1BC2A97-95F3-4FF9-B242-721E43162E82}.Debug|x86.ActiveCfg = Debug|Any CPU
		{A1BC2A97-95F3-4FF9-B242-721E43162E82}.Debug|x86.Build.0 = Debug|Any CPU
		{A1BC2A97-95F3-4FF9-B242-721E43162E82}.Release|Any CPU.ActiveCfg = Release|Any CPU
		{A1BC2A97-95F3-4FF9-B242-721E43162E82}.Release|Any CPU.Build.0 = Release|Any CPU
		{A1BC2A97-95F3-4FF9-B242-721E43162E82}.Release|x64.ActiveCfg = Release|Any CPU
		{A1BC2A97-95F3-4FF9-B242-721E43162E82}.Release|x64.Build.0 = Release|Any CPU
		{A1BC2A97-95F3-4FF9-B242-721E43162E82}.Release|x86.ActiveCfg = Release|Any CPU
		{A1BC2A97-95F3-4FF9-B242-721E43162E82}.Release|x86.Build.0 = Release|Any CPU
		{C6A3CB91-9ECC-4D8F-9756-028A81898E39}.Debug|Any CPU.ActiveCfg = Debug|Any CPU
		{C6A3CB91-9ECC-4D8F-9756-028A81898E39}.Debug|Any CPU.Build.0 = Debug|Any CPU
		{C6A3CB91-9ECC-4D8F-9756-028A81898E39}.Debug|x64.ActiveCfg = Debug|Any CPU
		{C6A3CB91-9ECC-4D8F-9756-028A81898E39}.Debug|x64.Build.0 = Debug|Any CPU
		{C6A3CB91-9ECC-4D8F-9756-028A81898E39}.Debug|x86.ActiveCfg = Debug|Any CPU
		{C6A3CB91-9ECC-4D8F-9756-028A81898E39}.Debug|x86.Build.0 = Debug|Any CPU
		{C6A3CB91-9ECC-4D8F-9756-028A81898E39}.Release|Any CPU.ActiveCfg = Release|Any CPU
		{C6A3CB91-9ECC-4D8F-9756-028A81898E39}.Release|Any CPU.Build.0 = Release|Any CPU
		{C6A3CB91-9ECC-4D8F-9756-028A81898E39}.Release|x64.ActiveCfg = Release|Any CPU
		{C6A3CB91-9ECC-4D8F-9756-028A81898E39}.Release|x64.Build.0 = Release|Any CPU
		{C6A3CB91-9ECC-4D8F-9756-028A81898E39}.Release|x86.ActiveCfg = Release|Any CPU
		{C6A3CB91-9ECC-4D8F-9756-028A81898E39}.Release|x86.Build.0 = Release|Any CPU
		{2BACE8A7-F335-413A-95CF-BED207194E9F}.Debug|Any CPU.ActiveCfg = Debug|Any CPU
		{2BACE8A7-F335-413A-95CF-BED207194E9F}.Debug|Any CPU.Build.0 = Debug|Any CPU
		{2BACE8A7-F335-413A-95CF-BED207194E9F}.Debug|x64.ActiveCfg = Debug|Any CPU
		{2BACE8A7-F335-413A-95CF-BED207194E9F}.Debug|x64.Build.0 = Debug|Any CPU
		{2BACE8A7-F335-413A-95CF-BED207194E9F}.Debug|x86.ActiveCfg = Debug|Any CPU
		{2BACE8A7-F335-413A-95CF-BED207194E9F}.Debug|x86.Build.0 = Debug|Any CPU
		{2BACE8A7-F335-413A-95CF-BED207194E9F}.Release|Any CPU.ActiveCfg = Release|Any CPU
		{2BACE8A7-F335-413A-95CF-BED207194E9F}.Release|Any CPU.Build.0 = Release|Any CPU
		{2BACE8A7-F335-413A-95CF-BED207194E9F}.Release|x64.ActiveCfg = Release|Any CPU
		{2BACE8A7-F335-413A-95CF-BED207194E9F}.Release|x64.Build.0 = Release|Any CPU
		{2BACE8A7-F335-413A-95CF-BED207194E9F}.Release|x86.ActiveCfg = Release|Any CPU
		{2BACE8A7-F335-413A-95CF-BED207194E9F}.Release|x86.Build.0 = Release|Any CPU
		{820DAF2A-BF28-44CE-9725-04F23A50AD41}.Debug|Any CPU.ActiveCfg = Debug|Any CPU
		{820DAF2A-BF28-44CE-9725-04F23A50AD41}.Debug|Any CPU.Build.0 = Debug|Any CPU
		{820DAF2A-BF28-44CE-9725-04F23A50AD41}.Debug|x64.ActiveCfg = Debug|Any CPU
		{820DAF2A-BF28-44CE-9725-04F23A50AD41}.Debug|x64.Build.0 = Debug|Any CPU
		{820DAF2A-BF28-44CE-9725-04F23A50AD41}.Debug|x86.ActiveCfg = Debug|Any CPU
		{820DAF2A-BF28-44CE-9725-04F23A50AD41}.Debug|x86.Build.0 = Debug|Any CPU
		{820DAF2A-BF28-44CE-9725-04F23A50AD41}.Release|Any CPU.ActiveCfg = Release|Any CPU
		{820DAF2A-BF28-44CE-9725-04F23A50AD41}.Release|Any CPU.Build.0 = Release|Any CPU
		{820DAF2A-BF28-44CE-9725-04F23A50AD41}.Release|x64.ActiveCfg = Release|Any CPU
		{820DAF2A-BF28-44CE-9725-04F23A50AD41}.Release|x64.Build.0 = Release|Any CPU
		{820DAF2A-BF28-44CE-9725-04F23A50AD41}.Release|x86.ActiveCfg = Release|Any CPU
		{820DAF2A-BF28-44CE-9725-04F23A50AD41}.Release|x86.Build.0 = Release|Any CPU
		{F4AF54BA-4AD1-4107-BAC1-5F8AE5E35F53}.Debug|Any CPU.ActiveCfg = Debug|Any CPU
		{F4AF54BA-4AD1-4107-BAC1-5F8AE5E35F53}.Debug|Any CPU.Build.0 = Debug|Any CPU
		{F4AF54BA-4AD1-4107-BAC1-5F8AE5E35F53}.Debug|x64.ActiveCfg = Debug|Any CPU
		{F4AF54BA-4AD1-4107-BAC1-5F8AE5E35F53}.Debug|x64.Build.0 = Debug|Any CPU
		{F4AF54BA-4AD1-4107-BAC1-5F8AE5E35F53}.Debug|x86.ActiveCfg = Debug|Any CPU
		{F4AF54BA-4AD1-4107-BAC1-5F8AE5E35F53}.Debug|x86.Build.0 = Debug|Any CPU
		{F4AF54BA-4AD1-4107-BAC1-5F8AE5E35F53}.Release|Any CPU.ActiveCfg = Release|Any CPU
		{F4AF54BA-4AD1-4107-BAC1-5F8AE5E35F53}.Release|Any CPU.Build.0 = Release|Any CPU
		{F4AF54BA-4AD1-4107-BAC1-5F8AE5E35F53}.Release|x64.ActiveCfg = Release|Any CPU
		{F4AF54BA-4AD1-4107-BAC1-5F8AE5E35F53}.Release|x64.Build.0 = Release|Any CPU
		{F4AF54BA-4AD1-4107-BAC1-5F8AE5E35F53}.Release|x86.ActiveCfg = Release|Any CPU
		{F4AF54BA-4AD1-4107-BAC1-5F8AE5E35F53}.Release|x86.Build.0 = Release|Any CPU
		{65F5A9CD-0DAA-4A8A-AFA8-E20D2BFF8943}.Debug|Any CPU.ActiveCfg = Debug|Any CPU
		{65F5A9CD-0DAA-4A8A-AFA8-E20D2BFF8943}.Debug|Any CPU.Build.0 = Debug|Any CPU
		{65F5A9CD-0DAA-4A8A-AFA8-E20D2BFF8943}.Debug|x64.ActiveCfg = Debug|Any CPU
		{65F5A9CD-0DAA-4A8A-AFA8-E20D2BFF8943}.Debug|x64.Build.0 = Debug|Any CPU
		{65F5A9CD-0DAA-4A8A-AFA8-E20D2BFF8943}.Debug|x86.ActiveCfg = Debug|Any CPU
		{65F5A9CD-0DAA-4A8A-AFA8-E20D2BFF8943}.Debug|x86.Build.0 = Debug|Any CPU
		{65F5A9CD-0DAA-4A8A-AFA8-E20D2BFF8943}.Release|Any CPU.ActiveCfg = Release|Any CPU
		{65F5A9CD-0DAA-4A8A-AFA8-E20D2BFF8943}.Release|Any CPU.Build.0 = Release|Any CPU
		{65F5A9CD-0DAA-4A8A-AFA8-E20D2BFF8943}.Release|x64.ActiveCfg = Release|Any CPU
		{65F5A9CD-0DAA-4A8A-AFA8-E20D2BFF8943}.Release|x64.Build.0 = Release|Any CPU
		{65F5A9CD-0DAA-4A8A-AFA8-E20D2BFF8943}.Release|x86.ActiveCfg = Release|Any CPU
		{65F5A9CD-0DAA-4A8A-AFA8-E20D2BFF8943}.Release|x86.Build.0 = Release|Any CPU
	EndGlobalSection
	GlobalSection(SolutionProperties) = preSolution
		HideSolutionNode = FALSE
	EndGlobalSection
	GlobalSection(NestedProjects) = preSolution
		{F86D2A20-C76D-4C4D-8522-C20F863F0E3D} = {827E0CD3-B72D-47B6-A68D-7590B98EB39B}
		{70B6E2C8-1452-42DE-A6CC-22FF3C2C057D} = {827E0CD3-B72D-47B6-A68D-7590B98EB39B}
		{A1BC2A97-95F3-4FF9-B242-721E43162E82} = {0AB3BF05-4346-4AA6-1389-037BE0695223}
		{C6A3CB91-9ECC-4D8F-9756-028A81898E39} = {0AB3BF05-4346-4AA6-1389-037BE0695223}
		{2BACE8A7-F335-413A-95CF-BED207194E9F} = {66320409-64EC-F7C5-3DEF-65E7510DAAD1}
		{820DAF2A-BF28-44CE-9725-04F23A50AD41} = {B36A84DF-456D-A817-6EDD-3EC3E7F6E11F}
		{F4AF54BA-4AD1-4107-BAC1-5F8AE5E35F53} = {B36A84DF-456D-A817-6EDD-3EC3E7F6E11F}
		{65F5A9CD-0DAA-4A8A-AFA8-E20D2BFF8943} = {0AB3BF05-4346-4AA6-1389-037BE0695223}
	EndGlobalSection
EndGlobal
